{
    "_meta": {
        "hash": {
            "sha256": "e0eb30f96f3af35533822358a9af2c8ecf5f15290c755c208c1922cbb21328a0"
        },
        "pipfile-spec": 6,
        "requires": {},
        "sources": [
            {
                "name": "pypi",
                "url": "https://pypi.python.org/simple",
                "verify_ssl": true
            }
        ]
    },
    "default": {
        "beautifulsoup4": {
            "hashes": [
                "sha256:58d5c3d29f5a36ffeb94f02f0d786cd53014cf9b3b3951d42e0080d8a9498d30",
                "sha256:ad9aa55b65ef2808eb405f46cf74df7fcb7044d5cbc26487f96eb2ef2e436693"
            ],
            "markers": "python_full_version >= '3.6.0'",
            "version": "==4.11.1"
        },
        "bs4": {
            "hashes": [
                "sha256:36ecea1fd7cc5c0c6e4a1ff075df26d50da647b75376626cc186e2212886dd3a"
            ],
            "index": "pypi",
            "version": "==0.0.1"
        },
        "certifi": {
            "hashes": [
                "sha256:35824b4c3a97115964b408844d64aa14db1cc518f6562e8d7261699d1350a9e3",
                "sha256:4ad3232f5e926d6718ec31cfc1fcadfde020920e278684144551c91769c7bc18"
            ],
            "index": "pypi",
            "version": "==2022.12.7"
        },
        "chardet": {
            "hashes": [
                "sha256:84ab92ed1c4d4f16916e05906b6b75a6c0fb5db821cc65e70cbd64a3e2a5eaae",
                "sha256:fc323ffcaeaed0e0a02bf4d117757b98aed530d9ed4531e3e15460124c106691"
            ],
            "version": "==3.0.4"
        },
        "idna": {
            "hashes": [
                "sha256:156a6814fb5ac1fc6850fb002e0852d56c0c8d2531923a51032d1b70760e186e",
                "sha256:684a38a6f903c1d71d6d5fac066b58d7768af4de2b832e426ec79c30daa94a16"
            ],
            "version": "==2.7"
        },
        "numpy": {
            "hashes": [
                "sha256:01dd17cbb340bf0fc23981e52e1d18a9d4050792e8fb8363cecbf066a84b827d",
                "sha256:06005a2ef6014e9956c09ba07654f9837d9e26696a0470e42beedadb78c11b07",
                "sha256:09b7847f7e83ca37c6e627682f145856de331049013853f344f37b0c9690e3df",
                "sha256:0aaee12d8883552fadfc41e96b4c82ee7d794949e2a7c3b3a7201e968c7ecab9",
                "sha256:0cbe9848fad08baf71de1a39e12d1b6310f1d5b2d0ea4de051058e6e1076852d",
                "sha256:1b1766d6f397c18153d40015ddfc79ddb715cabadc04d2d228d4e5a8bc4ded1a",
                "sha256:33161613d2269025873025b33e879825ec7b1d831317e68f4f2f0f84ed14c719",
                "sha256:5039f55555e1eab31124a5768898c9e22c25a65c1e0037f4d7c495a45778c9f2",
                "sha256:522e26bbf6377e4d76403826ed689c295b0b238f46c28a7251ab94716da0b280",
                "sha256:56e454c7833e94ec9769fa0f86e6ff8e42ee38ce0ce1fa4cbb747ea7e06d56aa",
                "sha256:58f545efd1108e647604a1b5aa809591ccd2540f468a880bedb97247e72db387",
                "sha256:5e05b1c973a9f858c74367553e236f287e749465f773328c8ef31abe18f691e1",
                "sha256:7903ba8ab592b82014713c491f6c5d3a1cde5b4a3bf116404e08f5b52f6daf43",
                "sha256:8969bfd28e85c81f3f94eb4a66bc2cf1dbdc5c18efc320af34bffc54d6b1e38f",
                "sha256:92c8c1e89a1f5028a4c6d9e3ccbe311b6ba53694811269b992c0b224269e2398",
                "sha256:9c88793f78fca17da0145455f0d7826bcb9f37da4764af27ac945488116efe63",
                "sha256:a7ac231a08bb37f852849bbb387a20a57574a97cfc7b6cabb488a4fc8be176de",
                "sha256:abdde9f795cf292fb9651ed48185503a2ff29be87770c3b8e2a14b0cd7aa16f8",
                "sha256:af1da88f6bc3d2338ebbf0e22fe487821ea4d8e89053e25fa59d1d79786e7481",
                "sha256:b2a9ab7c279c91974f756c84c365a669a887efa287365a8e2c418f8b3ba73fb0",
                "sha256:bf837dc63ba5c06dc8797c398db1e223a466c7ece27a1f7b5232ba3466aafe3d",
                "sha256:ca51fcfcc5f9354c45f400059e88bc09215fb71a48d3768fb80e357f3b457e1e",
                "sha256:ce571367b6dfe60af04e04a1834ca2dc5f46004ac1cc756fb95319f64c095a96",
                "sha256:d208a0f8729f3fb790ed18a003f3a57895b989b40ea4dce4717e9cf4af62c6bb",
                "sha256:dbee87b469018961d1ad79b1a5d50c0ae850000b639bcb1b694e9981083243b6",
                "sha256:e9f4c4e51567b616be64e05d517c79a8a22f3606499941d97bb76f2ca59f982d",
                "sha256:f063b69b090c9d918f9df0a12116029e274daf0181df392839661c4c7ec9018a",
                "sha256:f9a909a8bae284d46bbfdefbdd4a262ba19d3bc9921b1e76126b1d21c3c34135"
            ],
            "markers": "python_version >= '3.8'",
            "version": "==1.23.5"
        },
        "pandas": {
            "hashes": [
                "sha256:05ac350f8a35abe6a02054f8cf54e0c048f13423b2acb87d018845afd736f0b4",
                "sha256:174543cd68eaee60620146b38faaed950071f5665e0a4fa4adfdcfc23d7f7936",
                "sha256:1a62a237fb7223c11d09daaeaf7d15f234bb836bfaf3d4f85746cdf9b2582f99",
                "sha256:2c1ed1de5308918a7c6833df6db75a19c416c122921824e306c64a0626b3606c",
                "sha256:33825ad26ce411d6526f903b3d02c0edf627223af59cf4b5876aa925578eec74",
                "sha256:4c5f76fce8a4851f65374ea1d95ca24e9439540550e41e556c0879379517a6f5",
                "sha256:67504a96f72fb4d7f051cfe77b9a7bb0d094c4e2e5a6efb2769eb80f36e6b309",
                "sha256:683e0cc8c7faececbbc06aa4735709a07abad106099f165730c1015da916adec",
                "sha256:77cd1b485c6a860b950ab3a85be7b5683eaacbc51cadf096db967886607d2231",
                "sha256:814f8785f1ab412a7e9b9a8abb81dfe8727ebdeef850ecfaa262c04b1664000f",
                "sha256:894216edaf7dd0a92623cdad423bbec2a23fc06eb9c85483e21876d1ef8f47e9",
                "sha256:9331e20a07360b81d8c7b4b50223da387d264151d533a5a5853325800e6631a4",
                "sha256:9cd3614b4e31a0889388ff1bd19ae857ad52658b33f776065793c293a29cf612",
                "sha256:9d79e958adcd037eba3debbb66222804171197c0f5cd462315d1356aa72a5a30",
                "sha256:b90e5d5460f23607310cbd1688a7517c96ce7b284095a48340d249dfc429172e",
                "sha256:bc80c13ffddc7e269b706ed58002cc4c98cc135c36d827c99fb5ca54ced0eb7a",
                "sha256:cbb074efb2a5e4956b261a670bfc2126b0ccfbf5b96b6ed021bc8c8cb56cf4a8",
                "sha256:e8c62ab16feeda84d4732c42b7b67d7a89ad89df7e99efed80ea017bdc472f26",
                "sha256:ff5ef271805fe877fe0d1337b6b1861113c44c75b9badb595c713a72cd337371"
            ],
            "index": "pypi",
            "version": "==0.23.3"
        },
        "python-dateutil": {
            "hashes": [
                "sha256:0123cacc1627ae19ddf3c27a5de5bd67ee4586fbdd6440d9748f8abb483d3e86",
                "sha256:961d03dc3453ebbc59dbdea9e4e11c5651520a876d0f4db161e8674aae935da9"
            ],
            "markers": "python_version >= '2.7' and python_version not in '3.0, 3.1, 3.2, 3.3'",
            "version": "==2.8.2"
        },
        "pytz": {
            "hashes": [
                "sha256:222439474e9c98fced559f1709d89e6c9cbf8d79c794ff3eb9f8800064291427",
                "sha256:e89512406b793ca39f5971bc999cc538ce125c0e51c27941bef4568b460095e2"
            ],
            "version": "==2022.6"
        },
        "requests": {
            "hashes": [
                "sha256:63b52e3c866428a224f97cab011de738c36aec0185aa91cfacd418b5d58911d1",
                "sha256:ec22d826a36ed72a7358ff3fe56cbd4ba69dd7a6718ffd450ff0e9df7a47ce6a"
            ],
            "index": "pypi",
            "version": "==2.19.1"
        },
        "setuptools": {
            "hashes": [
                "sha256:57f6f22bde4e042978bcd50176fdb381d7c21a9efa4041202288d3737a0c6a54",
                "sha256:a7620757bf984b58deaf32fc8a4577a9bbc0850cf92c20e1ce41c38c19e5fb75"
            ],
            "index": "pypi",
            "version": "==65.6.3"
        },
        "six": {
            "hashes": [
                "sha256:1e61c37477a1626458e36f7b1d82aa5c9b094fa4802892072e49de9c60c4c926",
                "sha256:8abb2f1d86890a2dfb989f9a77cfcfd3e47c2a354b01111771326f8aa26e0254"
            ],
            "markers": "python_version >= '2.7' and python_version not in '3.0, 3.1, 3.2, 3.3'",
            "version": "==1.16.0"
        },
        "soupsieve": {
            "hashes": [
                "sha256:3b2503d3c7084a42b1ebd08116e5f81aadfaea95863628c80a3b774a11b7c759",
                "sha256:fc53893b3da2c33de295667a0e19f078c14bf86544af307354de5fcf12a3f30d"
            ],
            "markers": "python_full_version >= '3.6.0'",
            "version": "==2.3.2.post1"
        },
        "urllib3": {
            "hashes": [
                "sha256:a68ac5e15e76e7e5dd2b8f94007233e01effe3e50e8daddf69acfd81cb686baf",
                "sha256:b5725a0bd4ba422ab0e66e89e030c806576753ea3ee08554382c14e685d117b5"
            ],
            "index": "pypi",
            "version": "==1.23"
        }
    },
    "develop": {}
}
